
Microsoft Visual Studio Solution File, Format Version 12.00
# Visual Studio Version 17
VisualStudioVersion = 17.0.31903.59
MinimumVisualStudioVersion = 10.0.40219.1
Project("{2150E333-8FDC-42A3-9474-1A3956D46DE8}") = "src", "src", "{827E0CD3-B72D-47B6-A68D-7590B98EB39B}"
EndProject
Project("{FAE04EC0-301F-11D3-BF4B-00C04F79EFBC}") = "MicroDev.Core", "src\MicroDev.Core\MicroDev.Core.csproj", "{90B51CA5-A8D1-4E99-8850-D70FDD25D350}"
EndProject
Project("{FAE04EC0-301F-11D3-BF4B-00C04F79EFBC}") = "MicroDev.DesktopGL", "src\MicroDev.DesktopGL\MicroDev.DesktopGL.csproj", "{0CACE216-E3C7-4B4B-8A15-0D8532BBD5B3}"
EndProject
Project("{2150E333-8FDC-42A3-9474-1A3956D46DE8}") = "tests", "tests", "{0AB3BF05-4346-4AA6-1389-037BE0695223}"
EndProject
Project("{FAE04EC0-301F-11D3-BF4B-00C04F79EFBC}") = "MicroDev.Core.Tests", "tests\MicroDev.Core.Tests\MicroDev.Core.Tests.csproj", "{A4CFD204-23BD-49A8-BCA2-D54D84C575F9}"
EndProject
Global
	GlobalSection(SolutionConfigurationPlatforms) = preSolution
		Debug|Any CPU = Debug|Any CPU
		Debug|x64 = Debug|x64
		Debug|x86 = Debug|x86
		Release|Any CPU = Release|Any CPU
		Release|x64 = Release|x64
		Release|x86 = Release|x86
	EndGlobalSection
	GlobalSection(ProjectConfigurationPlatforms) = postSolution
		{90B51CA5-A8D1-4E99-8850-D70FDD25D350}.Debug|Any CPU.ActiveCfg = Debug|Any CPU
		{90B51CA5-A8D1-4E99-8850-D70FDD25D350}.Debug|Any CPU.Build.0 = Debug|Any CPU
		{90B51CA5-A8D1-4E99-8850-D70FDD25D350}.Debug|x64.ActiveCfg = Debug|Any CPU
		{90B51CA5-A8D1-4E99-8850-D70FDD25D350}.Debug|x64.Build.0 = Debug|Any CPU
		{90B51CA5-A8D1-4E99-8850-D70FDD25D350}.Debug|x86.ActiveCfg = Debug|Any CPU
		{90B51CA5-A8D1-4E99-8850-D70FDD25D350}.Debug|x86.Build.0 = Debug|Any CPU
		{90B51CA5-A8D1-4E99-8850-D70FDD25D350}.Release|Any CPU.ActiveCfg = Release|Any CPU
		{90B51CA5-A8D1-4E99-8850-D70FDD25D350}.Release|Any CPU.Build.0 = Release|Any CPU
		{90B51CA5-A8D1-4E99-8850-D70FDD25D350}.Release|x64.ActiveCfg = Release|Any CPU
		{90B51CA5-A8D1-4E99-8850-D70FDD25D350}.Release|x64.Build.0 = Release|Any CPU
		{90B51CA5-A8D1-4E99-8850-D70FDD25D350}.Release|x86.ActiveCfg = Release|Any CPU
		{90B51CA5-A8D1-4E99-8850-D70FDD25D350}.Release|x86.Build.0 = Release|Any CPU
		{0CACE216-E3C7-4B4B-8A15-0D8532BBD5B3}.Debug|Any CPU.ActiveCfg = Debug|Any CPU
		{0CACE216-E3C7-4B4B-8A15-0D8532BBD5B3}.Debug|Any CPU.Build.0 = Debug|Any CPU
		{0CACE216-E3C7-4B4B-8A15-0D8532BBD5B3}.Debug|x64.ActiveCfg = Debug|Any CPU
		{0CACE216-E3C7-4B4B-8A15-0D8532BBD5B3}.Debug|x64.Build.0 = Debug|Any CPU
		{0CACE216-E3C7-4B4B-8A15-0D8532BBD5B3}.Debug|x86.ActiveCfg = Debug|Any CPU
		{0CACE216-E3C7-4B4B-8A15-0D8532BBD5B3}.Debug|x86.Build.0 = Debug|Any CPU
		{0CACE216-E3C7-4B4B-8A15-0D8532BBD5B3}.Release|Any CPU.ActiveCfg = Release|Any CPU
		{0CACE216-E3C7-4B4B-8A15-0D8532BBD5B3}.Release|Any CPU.Build.0 = Release|Any CPU
		{0CACE216-E3C7-4B4B-8A15-0D8532BBD5B3}.Release|x64.ActiveCfg = Release|Any CPU
		{0CACE216-E3C7-4B4B-8A15-0D8532BBD5B3}.Release|x64.Build.0 = Release|Any CPU
		{0CACE216-E3C7-4B4B-8A15-0D8532BBD5B3}.Release|x86.ActiveCfg = Release|Any CPU
		{0CACE216-E3C7-4B4B-8A15-0D8532BBD5B3}.Release|x86.Build.0 = Release|Any CPU
		{A4CFD204-23BD-49A8-BCA2-D54D84C575F9}.Debug|Any CPU.ActiveCfg = Debug|Any CPU
		{A4CFD204-23BD-49A8-BCA2-D54D84C575F9}.Debug|Any CPU.Build.0 = Debug|Any CPU
		{A4CFD204-23BD-49A8-BCA2-D54D84C575F9}.Debug|x64.ActiveCfg = Debug|Any CPU
		{A4CFD204-23BD-49A8-BCA2-D54D84C575F9}.Debug|x64.Build.0 = Debug|Any CPU
		{A4CFD204-23BD-49A8-BCA2-D54D84C575F9}.Debug|x86.ActiveCfg = Debug|Any CPU
		{A4CFD204-23BD-49A8-BCA2-D54D84C575F9}.Debug|x86.Build.0 = Debug|Any CPU
		{A4CFD204-23BD-49A8-BCA2-D54D84C575F9}.Release|Any CPU.ActiveCfg = Release|Any CPU
		{A4CFD204-23BD-49A8-BCA2-D54D84C575F9}.Release|Any CPU.Build.0 = Release|Any CPU
		{A4CFD204-23BD-49A8-BCA2-D54D84C575F9}.Release|x64.ActiveCfg = Release|Any CPU
		{A4CFD204-23BD-49A8-BCA2-D54D84C575F9}.Release|x64.Build.0 = Release|Any CPU
		{A4CFD204-23BD-49A8-BCA2-D54D84C575F9}.Release|x86.ActiveCfg = Release|Any CPU
		{A4CFD204-23BD-49A8-BCA2-D54D84C575F9}.Release|x86.Build.0 = Release|Any CPU
	EndGlobalSection
	GlobalSection(SolutionProperties) = preSolution
		HideSolutionNode = FALSE
	EndGlobalSection
	GlobalSection(NestedProjects) = preSolution
		{90B51CA5-A8D1-4E99-8850-D70FDD25D350} = {827E0CD3-B72D-47B6-A68D-7590B98EB39B}
		{0CACE216-E3C7-4B4B-8A15-0D8532BBD5B3} = {827E0CD3-B72D-47B6-A68D-7590B98EB39B}
		{A4CFD204-23BD-49A8-BCA2-D54D84C575F9} = {0AB3BF05-4346-4AA6-1389-037BE0695223}
	EndGlobalSection
EndGlobal
